
Microsoft Visual Studio Solution File, Format Version 12.00
# Visual Studio Version 17
VisualStudioVersion = 17.5.33424.131
MinimumVisualStudioVersion = 10.0.40219.1
Project("{888888A0-9F3D-457C-B088-3A5042F75D52}") = "TSData", "TSData.pyproj", "{BE7787B8-907E-43BD-A5BF-2E6FBF721473}"
EndProject
Global
	GlobalSection(SolutionConfigurationPlatforms) = preSolution
		Debug|Any CPU = Debug|Any CPU
		Release|Any CPU = Release|Any CPU
	EndGlobalSection
	GlobalSection(ProjectConfigurationPlatforms) = postSolution
		{BE7787B8-907E-43BD-A5BF-2E6FBF721473}.Debug|Any CPU.ActiveCfg = Debug|Any CPU
		{BE7787B8-907E-43BD-A5BF-2E6FBF721473}.Release|Any CPU.ActiveCfg = Release|Any CPU
	EndGlobalSection
	GlobalSection(SolutionProperties) = preSolution
		HideSolutionNode = FALSE
	EndGlobalSection
	GlobalSection(ExtensibilityGlobals) = postSolution
		SolutionGuid = {7CF68AF1-FDB6-4212-B280-2F419C41896C}
	EndGlobalSection
EndGlobal
